
Microsoft Visual Studio Solution File, Format Version 12.00
# Visual Studio Version 17
VisualStudioVersion = 17.10.35122.118
MinimumVisualStudioVersion = 10.0.40219.1
Project("{9A19103F-16F7-4668-BE54-9A1E7A4F7556}") = "FleXFrameCore.PermissionManagement", "FleXFrameCore\FleXFrameCore.PermissionManagement.csproj", "{16685B74-F79F-4E02-83B6-62424A3A5D7C}"
EndProject
Project("{FAE04EC0-301F-11D3-BF4B-00C04F79EFBC}") = "FleXFrameCore.UnitTest", "FleXFrameCore.UnitTest\FleXFrameCore.UnitTest.csproj", "{892FF45A-6D97-404E-AB94-51211BE175E5}"
EndProject
Global
	GlobalSection(SolutionConfigurationPlatforms) = preSolution
		Debug|Any CPU = Debug|Any CPU
		Release|Any CPU = Release|Any CPU
	EndGlobalSection
	GlobalSection(ProjectConfigurationPlatforms) = postSolution
		{16685B74-F79F-4E02-83B6-62424A3A5D7C}.Debug|Any CPU.ActiveCfg = Debug|Any CPU
		{16685B74-F79F-4E02-83B6-62424A3A5D7C}.Debug|Any CPU.Build.0 = Debug|Any CPU
		{16685B74-F79F-4E02-83B6-62424A3A5D7C}.Release|Any CPU.ActiveCfg = Release|Any CPU
		{16685B74-F79F-4E02-83B6-62424A3A5D7C}.Release|Any CPU.Build.0 = Release|Any CPU
		{892FF45A-6D97-404E-AB94-51211BE175E5}.Debug|Any CPU.ActiveCfg = Debug|Any CPU
		{892FF45A-6D97-404E-AB94-51211BE175E5}.Debug|Any CPU.Build.0 = Debug|Any CPU
		{892FF45A-6D97-404E-AB94-51211BE175E5}.Release|Any CPU.ActiveCfg = Release|Any CPU
		{892FF45A-6D97-404E-AB94-51211BE175E5}.Release|Any CPU.Build.0 = Release|Any CPU
	EndGlobalSection
	GlobalSection(SolutionProperties) = preSolution
		HideSolutionNode = FALSE
	EndGlobalSection
	GlobalSection(ExtensibilityGlobals) = postSolution
		SolutionGuid = {081E6644-4704-4C44-AECC-EFF4E022D9EF}
	EndGlobalSection
EndGlobal
