
Microsoft Visual Studio Solution File, Format Version 12.00
# Visual Studio Version 17
VisualStudioVersion = 17.10.35122.118
MinimumVisualStudioVersion = 10.0.40219.1
Project("{2150E333-8FDC-42A3-9474-1A3956D46DE8}") = "UnitTests", "UnitTests", "{AD26C3FE-FADF-4031-A1CE-AB1240DBCF2B}"
EndProject
Project("{2150E333-8FDC-42A3-9474-1A3956D46DE8}") = "Libraries", "Libraries", "{1DB8F188-5DC7-459F-B06C-7A4FB54C689A}"
EndProject
Project("{9A19103F-16F7-4668-BE54-9A1E7A4F7556}") = "FleXFrameCore.UnitTest", "UnitTests\FleXFrameCore.UnitTest\FleXFrameCore.UnitTest.csproj", "{924C7947-E8D4-444C-961A-C35357B4A341}"
EndProject
Project("{9A19103F-16F7-4668-BE54-9A1E7A4F7556}") = "FleXFrameCore.UserAuth", "Libraries\FleXFrameCore.UserAuth\FleXFrameCore.UserAuth.csproj", "{1AAEAD49-12F9-4D99-9B52-F246CB6DA00F}"
EndProject
Project("{9A19103F-16F7-4668-BE54-9A1E7A4F7556}") = "FleXFrameCore.UtilityHub", "FleXFrameCore.UtilityHub\FleXFrameCore.UtilityHub.csproj", "{66D3300A-BCEE-4B37-9752-66D020DF9BBA}"
EndProject
Project("{2150E333-8FDC-42A3-9474-1A3956D46DE8}") = "Applications", "Applications", "{1F55CFD6-128F-45C7-A2D1-90952896AF43}"
EndProject
Project("{9A19103F-16F7-4668-BE54-9A1E7A4F7556}") = "FleXFramCoreConsole", "FleXFramCoreConsole\FleXFramCoreConsole.csproj", "{4FD7D39A-8295-46D6-B395-7BE1AE93D9CA}"
EndProject
Project("{FAE04EC0-301F-11D3-BF4B-00C04F79EFBC}") = "FleXFrameCore.WinForms", "FleXFrameCore.WinForms\FleXFrameCore.WinForms.csproj", "{E10D8102-1F63-4A96-B2B8-6C1790ADC96B}"
EndProject
Global
	GlobalSection(SolutionConfigurationPlatforms) = preSolution
		Debug|Any CPU = Debug|Any CPU
		Release|Any CPU = Release|Any CPU
	EndGlobalSection
	GlobalSection(ProjectConfigurationPlatforms) = postSolution
		{924C7947-E8D4-444C-961A-C35357B4A341}.Debug|Any CPU.ActiveCfg = Debug|Any CPU
		{924C7947-E8D4-444C-961A-C35357B4A341}.Debug|Any CPU.Build.0 = Debug|Any CPU
		{924C7947-E8D4-444C-961A-C35357B4A341}.Release|Any CPU.ActiveCfg = Release|Any CPU
		{924C7947-E8D4-444C-961A-C35357B4A341}.Release|Any CPU.Build.0 = Release|Any CPU
		{1AAEAD49-12F9-4D99-9B52-F246CB6DA00F}.Debug|Any CPU.ActiveCfg = Debug|Any CPU
		{1AAEAD49-12F9-4D99-9B52-F246CB6DA00F}.Debug|Any CPU.Build.0 = Debug|Any CPU
		{1AAEAD49-12F9-4D99-9B52-F246CB6DA00F}.Release|Any CPU.ActiveCfg = Release|Any CPU
		{1AAEAD49-12F9-4D99-9B52-F246CB6DA00F}.Release|Any CPU.Build.0 = Release|Any CPU
		{66D3300A-BCEE-4B37-9752-66D020DF9BBA}.Debug|Any CPU.ActiveCfg = Debug|Any CPU
		{66D3300A-BCEE-4B37-9752-66D020DF9BBA}.Debug|Any CPU.Build.0 = Debug|Any CPU
		{66D3300A-BCEE-4B37-9752-66D020DF9BBA}.Release|Any CPU.ActiveCfg = Release|Any CPU
		{66D3300A-BCEE-4B37-9752-66D020DF9BBA}.Release|Any CPU.Build.0 = Release|Any CPU
		{4FD7D39A-8295-46D6-B395-7BE1AE93D9CA}.Debug|Any CPU.ActiveCfg = Debug|Any CPU
		{4FD7D39A-8295-46D6-B395-7BE1AE93D9CA}.Debug|Any CPU.Build.0 = Debug|Any CPU
		{4FD7D39A-8295-46D6-B395-7BE1AE93D9CA}.Release|Any CPU.ActiveCfg = Release|Any CPU
		{4FD7D39A-8295-46D6-B395-7BE1AE93D9CA}.Release|Any CPU.Build.0 = Release|Any CPU
		{E10D8102-1F63-4A96-B2B8-6C1790ADC96B}.Debug|Any CPU.ActiveCfg = Debug|Any CPU
		{E10D8102-1F63-4A96-B2B8-6C1790ADC96B}.Debug|Any CPU.Build.0 = Debug|Any CPU
		{E10D8102-1F63-4A96-B2B8-6C1790ADC96B}.Release|Any CPU.ActiveCfg = Release|Any CPU
		{E10D8102-1F63-4A96-B2B8-6C1790ADC96B}.Release|Any CPU.Build.0 = Release|Any CPU
	EndGlobalSection
	GlobalSection(SolutionProperties) = preSolution
		HideSolutionNode = FALSE
	EndGlobalSection
	GlobalSection(NestedProjects) = preSolution
		{924C7947-E8D4-444C-961A-C35357B4A341} = {AD26C3FE-FADF-4031-A1CE-AB1240DBCF2B}
		{1AAEAD49-12F9-4D99-9B52-F246CB6DA00F} = {1DB8F188-5DC7-459F-B06C-7A4FB54C689A}
		{66D3300A-BCEE-4B37-9752-66D020DF9BBA} = {1DB8F188-5DC7-459F-B06C-7A4FB54C689A}
		{4FD7D39A-8295-46D6-B395-7BE1AE93D9CA} = {1F55CFD6-128F-45C7-A2D1-90952896AF43}
		{E10D8102-1F63-4A96-B2B8-6C1790ADC96B} = {1F55CFD6-128F-45C7-A2D1-90952896AF43}
	EndGlobalSection
	GlobalSection(ExtensibilityGlobals) = postSolution
		SolutionGuid = {081E6644-4704-4C44-AECC-EFF4E022D9EF}
	EndGlobalSection
EndGlobal
